// !$*UTF8*$!
{
	archiveVersion = 1;
	classes = {
	};
	objectVersion = 56;
	objects = {

/* Begin PBXBuildFile section */
		81B2937C2C8559B900FFB6F9 /* SubscribeApp.swift in Sources */ = {isa = PBXBuildFile; fileRef = 81B2937B2C8559B900FFB6F9 /* SubscribeApp.swift */; };
		81B2937E2C8559B900FFB6F9 /* ContentView.swift in Sources */ = {isa = PBXBuildFile; fileRef = 81B2937D2C8559B900FFB6F9 /* ContentView.swift */; };
		81B293802C8559BA00FFB6F9 /* Assets.xcassets in Resources */ = {isa = PBXBuildFile; fileRef = 81B2937F2C8559BA00FFB6F9 /* Assets.xcassets */; };
		81B293832C8559BA00FFB6F9 /* Preview Assets.xcassets in Resources */ = {isa = PBXBuildFile; fileRef = 81B293822C8559BA00FFB6F9 /* Preview Assets.xcassets */; };
		81B2939E2C85A57000FFB6F9 /* Model.xcdatamodeld in Sources */ = {isa = PBXBuildFile; fileRef = 81B2939C2C85A57000FFB6F9 /* Model.xcdatamodeld */; };
		81B293AA2C868BB100FFB6F9 /* SubscriptionModel+CoreDataClass.swift in Sources */ = {isa = PBXBuildFile; fileRef = 81B293A82C868BB100FFB6F9 /* SubscriptionModel+CoreDataClass.swift */; };
		81B293AB2C868BB100FFB6F9 /* SubscriptionModel+CoreDataProperties.swift in Sources */ = {isa = PBXBuildFile; fileRef = 81B293A92C868BB100FFB6F9 /* SubscriptionModel+CoreDataProperties.swift */; };
		81B293AD2C868CE100FFB6F9 /* PersistenceController.swift in Sources */ = {isa = PBXBuildFile; fileRef = 81B293AC2C868CE100FFB6F9 /* PersistenceController.swift */; };
		81B293AF2C868DD600FFB6F9 /* AddSubscriptionView.swift in Sources */ = {isa = PBXBuildFile; fileRef = 81B293AE2C868DD600FFB6F9 /* AddSubscriptionView.swift */; };
		81B293B12C868E0B00FFB6F9 /* SubscriptionListView.swift in Sources */ = {isa = PBXBuildFile; fileRef = 81B293B02C868E0B00FFB6F9 /* SubscriptionListView.swift */; };
		81B293B32C868E7800FFB6F9 /* EditSubscriptionView.swift in Sources */ = {isa = PBXBuildFile; fileRef = 81B293B22C868E7800FFB6F9 /* EditSubscriptionView.swift */; };
		81B293B52C868EDE00FFB6F9 /* SubscriptionStatsView.swift in Sources */ = {isa = PBXBuildFile; fileRef = 81B293B42C868EDE00FFB6F9 /* SubscriptionStatsView.swift */; };
/* End PBXBuildFile section */

/* Begin PBXFileReference section */
		81B293782C8559B900FFB6F9 /* Subscribe.app */ = {isa = PBXFileReference; explicitFileType = wrapper.application; includeInIndex = 0; path = Subscribe.app; sourceTree = BUILT_PRODUCTS_DIR; };
		81B2937B2C8559B900FFB6F9 /* SubscribeApp.swift */ = {isa = PBXFileReference; lastKnownFileType = sourcecode.swift; path = SubscribeApp.swift; sourceTree = "<group>"; };
		81B2937D2C8559B900FFB6F9 /* ContentView.swift */ = {isa = PBXFileReference; lastKnownFileType = sourcecode.swift; path = ContentView.swift; sourceTree = "<group>"; };
		81B2937F2C8559BA00FFB6F9 /* Assets.xcassets */ = {isa = PBXFileReference; lastKnownFileType = folder.assetcatalog; path = Assets.xcassets; sourceTree = "<group>"; };
		81B293822C8559BA00FFB6F9 /* Preview Assets.xcassets */ = {isa = PBXFileReference; lastKnownFileType = folder.assetcatalog; path = "Preview Assets.xcassets"; sourceTree = "<group>"; };
		81B2939D2C85A57000FFB6F9 /* SubscriptionModel.xcdatamodel */ = {isa = PBXFileReference; lastKnownFileType = wrapper.xcdatamodel; path = SubscriptionModel.xcdatamodel; sourceTree = "<group>"; };
		81B293A82C868BB100FFB6F9 /* SubscriptionModel+CoreDataClass.swift */ = {isa = PBXFileReference; lastKnownFileType = sourcecode.swift; path = "SubscriptionModel+CoreDataClass.swift"; sourceTree = "<group>"; };
		81B293A92C868BB100FFB6F9 /* SubscriptionModel+CoreDataProperties.swift */ = {isa = PBXFileReference; lastKnownFileType = sourcecode.swift; path = "SubscriptionModel+CoreDataProperties.swift"; sourceTree = "<group>"; };
		81B293AC2C868CE100FFB6F9 /* PersistenceController.swift */ = {isa = PBXFileReference; lastKnownFileType = sourcecode.swift; path = PersistenceController.swift; sourceTree = "<group>"; };
		81B293AE2C868DD600FFB6F9 /* AddSubscriptionView.swift */ = {isa = PBXFileReference; lastKnownFileType = sourcecode.swift; path = AddSubscriptionView.swift; sourceTree = "<group>"; };
		81B293B02C868E0B00FFB6F9 /* SubscriptionListView.swift */ = {isa = PBXFileReference; lastKnownFileType = sourcecode.swift; path = SubscriptionListView.swift; sourceTree = "<group>"; };
		81B293B22C868E7800FFB6F9 /* EditSubscriptionView.swift */ = {isa = PBXFileReference; lastKnownFileType = sourcecode.swift; path = EditSubscriptionView.swift; sourceTree = "<group>"; };
		81B293B42C868EDE00FFB6F9 /* SubscriptionStatsView.swift */ = {isa = PBXFileReference; lastKnownFileType = sourcecode.swift; path = SubscriptionStatsView.swift; sourceTree = "<group>"; };
/* End PBXFileReference section */

/* Begin PBXFrameworksBuildPhase section */
		81B293752C8559B900FFB6F9 /* Frameworks */ = {
			isa = PBXFrameworksBuildPhase;
			buildActionMask = 2147483647;
			files = (
			);
			runOnlyForDeploymentPostprocessing = 0;
		};
/* End PBXFrameworksBuildPhase section */

/* Begin PBXGroup section */
		81B2936F2C8559B900FFB6F9 = {
			isa = PBXGroup;
			children = (
				81B2937A2C8559B900FFB6F9 /* Subscribe */,
				81B293792C8559B900FFB6F9 /* Products */,
			);
			sourceTree = "<group>";
		};
		81B293792C8559B900FFB6F9 /* Products */ = {
			isa = PBXGroup;
			children = (
				81B293782C8559B900FFB6F9 /* Subscribe.app */,
			);
			name = Products;
			sourceTree = "<group>";
		};
		81B2937A2C8559B900FFB6F9 /* Subscribe */ = {
			isa = PBXGroup;
			children = (
				81B293A32C85A95400FFB6F9 /* Model */,
				81B2937B2C8559B900FFB6F9 /* SubscribeApp.swift */,
				81B2937D2C8559B900FFB6F9 /* ContentView.swift */,
				81B2937F2C8559BA00FFB6F9 /* Assets.xcassets */,
				81B293812C8559BA00FFB6F9 /* Preview Content */,
				81B293AE2C868DD600FFB6F9 /* AddSubscriptionView.swift */,
				81B293B02C868E0B00FFB6F9 /* SubscriptionListView.swift */,
				81B293B22C868E7800FFB6F9 /* EditSubscriptionView.swift */,
				81B293B42C868EDE00FFB6F9 /* SubscriptionStatsView.swift */,
			);
			path = Subscribe;
			sourceTree = "<group>";
		};
		81B293812C8559BA00FFB6F9 /* Preview Content */ = {
			isa = PBXGroup;
			children = (
				81B293822C8559BA00FFB6F9 /* Preview Assets.xcassets */,
			);
			path = "Preview Content";
			sourceTree = "<group>";
		};
		81B293A32C85A95400FFB6F9 /* Model */ = {
			isa = PBXGroup;
			children = (
				81B293A82C868BB100FFB6F9 /* SubscriptionModel+CoreDataClass.swift */,
				81B293A92C868BB100FFB6F9 /* SubscriptionModel+CoreDataProperties.swift */,
				81B2939C2C85A57000FFB6F9 /* Model.xcdatamodeld */,
				81B293AC2C868CE100FFB6F9 /* PersistenceController.swift */,
			);
			path = Model;
			sourceTree = "<group>";
		};
/* End PBXGroup section */

/* Begin PBXNativeTarget section */
		81B293772C8559B900FFB6F9 /* Subscribe */ = {
			isa = PBXNativeTarget;
			buildConfigurationList = 81B293862C8559BA00FFB6F9 /* Build configuration list for PBXNativeTarget "Subscribe" */;
			buildPhases = (
				81B293742C8559B900FFB6F9 /* Sources */,
				81B293752C8559B900FFB6F9 /* Frameworks */,
				81B293762C8559B900FFB6F9 /* Resources */,
			);
			buildRules = (
			);
			dependencies = (
			);
			name = Subscribe;
			productName = Subscribe;
			productReference = 81B293782C8559B900FFB6F9 /* Subscribe.app */;
			productType = "com.apple.product-type.application";
		};
/* End PBXNativeTarget section */

/* Begin PBXProject section */
		81B293702C8559B900FFB6F9 /* Project object */ = {
			isa = PBXProject;
			attributes = {
				BuildIndependentTargetsInParallel = 1;
				LastSwiftUpdateCheck = 1540;
				LastUpgradeCheck = 1540;
				TargetAttributes = {
					81B293772C8559B900FFB6F9 = {
						CreatedOnToolsVersion = 15.4;
					};
				};
			};
			buildConfigurationList = 81B293732C8559B900FFB6F9 /* Build configuration list for PBXProject "Subscribe" */;
			compatibilityVersion = "Xcode 14.0";
			developmentRegion = en;
			hasScannedForEncodings = 0;
			knownRegions = (
				en,
				Base,
			);
			mainGroup = 81B2936F2C8559B900FFB6F9;
			productRefGroup = 81B293792C8559B900FFB6F9 /* Products */;
			projectDirPath = "";
			projectRoot = "";
			targets = (
				81B293772C8559B900FFB6F9 /* Subscribe */,
			);
		};
/* End PBXProject section */

/* Begin PBXResourcesBuildPhase section */
		81B293762C8559B900FFB6F9 /* Resources */ = {
			isa = PBXResourcesBuildPhase;
			buildActionMask = 2147483647;
			files = (
				81B293832C8559BA00FFB6F9 /* Preview Assets.xcassets in Resources */,
				81B293802C8559BA00FFB6F9 /* Assets.xcassets in Resources */,
			);
			runOnlyForDeploymentPostprocessing = 0;
		};
/* End PBXResourcesBuildPhase section */

/* Begin PBXSourcesBuildPhase section */
		81B293742C8559B900FFB6F9 /* Sources */ = {
			isa = PBXSourcesBuildPhase;
			buildActionMask = 2147483647;
			files = (
				81B293AA2C868BB100FFB6F9 /* SubscriptionModel+CoreDataClass.swift in Sources */,
				81B293B32C868E7800FFB6F9 /* EditSubscriptionView.swift in Sources */,
				81B293B12C868E0B00FFB6F9 /* SubscriptionListView.swift in Sources */,
				81B293AB2C868BB100FFB6F9 /* SubscriptionModel+CoreDataProperties.swift in Sources */,
				81B293AF2C868DD600FFB6F9 /* AddSubscriptionView.swift in Sources */,
				81B293B52C868EDE00FFB6F9 /* SubscriptionStatsView.swift in Sources */,
				81B2937E2C8559B900FFB6F9 /* ContentView.swift in Sources */,
				81B293AD2C868CE100FFB6F9 /* PersistenceController.swift in Sources */,
				81B2937C2C8559B900FFB6F9 /* SubscribeApp.swift in Sources */,
				81B2939E2C85A57000FFB6F9 /* Model.xcdatamodeld in Sources */,
			);
			runOnlyForDeploymentPostprocessing = 0;
		};
/* End PBXSourcesBuildPhase section */

/* Begin XCBuildConfiguration section */
		81B293842C8559BA00FFB6F9 /* Debug */ = {
			isa = XCBuildConfiguration;
			buildSettings = {
				ALWAYS_SEARCH_USER_PATHS = NO;
				ASSETCATALOG_COMPILER_GENERATE_SWIFT_ASSET_SYMBOL_EXTENSIONS = YES;
				CLANG_ANALYZER_NONNULL = YES;
				CLANG_ANALYZER_NUMBER_OBJECT_CONVERSION = YES_AGGRESSIVE;
				CLANG_CXX_LANGUAGE_STANDARD = "gnu++20";
				CLANG_ENABLE_MODULES = YES;
				CLANG_ENABLE_OBJC_ARC = YES;
				CLANG_ENABLE_OBJC_WEAK = YES;
				CLANG_WARN_BLOCK_CAPTURE_AUTORELEASING = YES;
				CLANG_WARN_BOOL_CONVERSION = YES;
				CLANG_WARN_COMMA = YES;
				CLANG_WARN_CONSTANT_CONVERSION = YES;
				CLANG_WARN_DEPRECATED_OBJC_IMPLEMENTATIONS = YES;
				CLANG_WARN_DIRECT_OBJC_ISA_USAGE = YES_ERROR;
				CLANG_WARN_DOCUMENTATION_COMMENTS = YES;
				CLANG_WARN_EMPTY_BODY = YES;
				CLANG_WARN_ENUM_CONVERSION = YES;
				CLANG_WARN_INFINITE_RECURSION = YES;
				CLANG_WARN_INT_CONVERSION = YES;
				CLANG_WARN_NON_LITERAL_NULL_CONVERSION = YES;
				CLANG_WARN_OBJC_IMPLICIT_RETAIN_SELF = YES;
				CLANG_WARN_OBJC_LITERAL_CONVERSION = YES;
				CLANG_WARN_OBJC_ROOT_CLASS = YES_ERROR;
				CLANG_WARN_QUOTED_INCLUDE_IN_FRAMEWORK_HEADER = YES;
				CLANG_WARN_RANGE_LOOP_ANALYSIS = YES;
				CLANG_WARN_STRICT_PROTOTYPES = YES;
				CLANG_WARN_SUSPICIOUS_MOVE = YES;
				CLANG_WARN_UNGUARDED_AVAILABILITY = YES_AGGRESSIVE;
				CLANG_WARN_UNREACHABLE_CODE = YES;
				CLANG_WARN__DUPLICATE_METHOD_MATCH = YES;
				COPY_PHASE_STRIP = NO;
				DEBUG_INFORMATION_FORMAT = dwarf;
				ENABLE_STRICT_OBJC_MSGSEND = YES;
				ENABLE_TESTABILITY = YES;
				ENABLE_USER_SCRIPT_SANDBOXING = YES;
				GCC_C_LANGUAGE_STANDARD = gnu17;
				GCC_DYNAMIC_NO_PIC = NO;
				GCC_NO_COMMON_BLOCKS = YES;
				GCC_OPTIMIZATION_LEVEL = 0;
				GCC_PREPROCESSOR_DEFINITIONS = (
					"DEBUG=1",
					"$(inherited)",
				);
				GCC_WARN_64_TO_32_BIT_CONVERSION = YES;
				GCC_WARN_ABOUT_RETURN_TYPE = YES_ERROR;
				GCC_WARN_UNDECLARED_SELECTOR = YES;
				GCC_WARN_UNINITIALIZED_AUTOS = YES_AGGRESSIVE;
				GCC_WARN_UNUSED_FUNCTION = YES;
				GCC_WARN_UNUSED_VARIABLE = YES;
				IPHONEOS_DEPLOYMENT_TARGET = 17.5;
				LOCALIZATION_PREFERS_STRING_CATALOGS = YES;
				MTL_ENABLE_DEBUG_INFO = INCLUDE_SOURCE;
				MTL_FAST_MATH = YES;
				ONLY_ACTIVE_ARCH = YES;
				SDKROOT = iphoneos;
				SWIFT_ACTIVE_COMPILATION_CONDITIONS = "DEBUG $(inherited)";
				SWIFT_OPTIMIZATION_LEVEL = "-Onone";
			};
			name = Debug;
		};
		81B293852C8559BA00FFB6F9 /* Release */ = {
			isa = XCBuildConfiguration;
			buildSettings = {
				ALWAYS_SEARCH_USER_PATHS = NO;
				ASSETCATALOG_COMPILER_GENERATE_SWIFT_ASSET_SYMBOL_EXTENSIONS = YES;
				CLANG_ANALYZER_NONNULL = YES;
				CLANG_ANALYZER_NUMBER_OBJECT_CONVERSION = YES_AGGRESSIVE;
				CLANG_CXX_LANGUAGE_STANDARD = "gnu++20";
				CLANG_ENABLE_MODULES = YES;
				CLANG_ENABLE_OBJC_ARC = YES;
				CLANG_ENABLE_OBJC_WEAK = YES;
				CLANG_WARN_BLOCK_CAPTURE_AUTORELEASING = YES;
				CLANG_WARN_BOOL_CONVERSION = YES;
				CLANG_WARN_COMMA = YES;
				CLANG_WARN_CONSTANT_CONVERSION = YES;
				CLANG_WARN_DEPRECATED_OBJC_IMPLEMENTATIONS = YES;
				CLANG_WARN_DIRECT_OBJC_ISA_USAGE = YES_ERROR;
				CLANG_WARN_DOCUMENTATION_COMMENTS = YES;
				CLANG_WARN_EMPTY_BODY = YES;
				CLANG_WARN_ENUM_CONVERSION = YES;
				CLANG_WARN_INFINITE_RECURSION = YES;
				CLANG_WARN_INT_CONVERSION = YES;
				CLANG_WARN_NON_LITERAL_NULL_CONVERSION = YES;
				CLANG_WARN_OBJC_IMPLICIT_RETAIN_SELF = YES;
				CLANG_WARN_OBJC_LITERAL_CONVERSION = YES;
				CLANG_WARN_OBJC_ROOT_CLASS = YES_ERROR;
				CLANG_WARN_QUOTED_INCLUDE_IN_FRAMEWORK_HEADER = YES;
				CLANG_WARN_RANGE_LOOP_ANALYSIS = YES;
				CLANG_WARN_STRICT_PROTOTYPES = YES;
				CLANG_WARN_SUSPICIOUS_MOVE = YES;
				CLANG_WARN_UNGUARDED_AVAILABILITY = YES_AGGRESSIVE;
				CLANG_WARN_UNREACHABLE_CODE = YES;
				CLANG_WARN__DUPLICATE_METHOD_MATCH = YES;
				COPY_PHASE_STRIP = NO;
				DEBUG_INFORMATION_FORMAT = "dwarf-with-dsym";
				ENABLE_NS_ASSERTIONS = NO;
				ENABLE_STRICT_OBJC_MSGSEND = YES;
				ENABLE_USER_SCRIPT_SANDBOXING = YES;
				GCC_C_LANGUAGE_STANDARD = gnu17;
				GCC_NO_COMMON_BLOCKS = YES;
				GCC_WARN_64_TO_32_BIT_CONVERSION = YES;
				GCC_WARN_ABOUT_RETURN_TYPE = YES_ERROR;
				GCC_WARN_UNDECLARED_SELECTOR = YES;
				GCC_WARN_UNINITIALIZED_AUTOS = YES_AGGRESSIVE;
				GCC_WARN_UNUSED_FUNCTION = YES;
				GCC_WARN_UNUSED_VARIABLE = YES;
				IPHONEOS_DEPLOYMENT_TARGET = 17.5;
				LOCALIZATION_PREFERS_STRING_CATALOGS = YES;
				MTL_ENABLE_DEBUG_INFO = NO;
				MTL_FAST_MATH = YES;
				SDKROOT = iphoneos;
				SWIFT_COMPILATION_MODE = wholemodule;
				VALIDATE_PRODUCT = YES;
			};
			name = Release;
		};
		81B293872C8559BA00FFB6F9 /* Debug */ = {
			isa = XCBuildConfiguration;
			buildSettings = {
				ASSETCATALOG_COMPILER_APPICON_NAME = AppIcon;
				ASSETCATALOG_COMPILER_GLOBAL_ACCENT_COLOR_NAME = AccentColor;
				CODE_SIGN_STYLE = Automatic;
				CURRENT_PROJECT_VERSION = 1;
				DEVELOPMENT_ASSET_PATHS = "\"Subscribe/Preview Content\"";
				DEVELOPMENT_TEAM = 9GNP4TPU8Y;
				ENABLE_PREVIEWS = YES;
				GENERATE_INFOPLIST_FILE = YES;
				INFOPLIST_KEY_UIApplicationSceneManifest_Generation = YES;
				INFOPLIST_KEY_UIApplicationSupportsIndirectInputEvents = YES;
				INFOPLIST_KEY_UILaunchScreen_Generation = YES;
				INFOPLIST_KEY_UISupportedInterfaceOrientations_iPad = "UIInterfaceOrientationPortrait UIInterfaceOrientationPortraitUpsideDown UIInterfaceOrientationLandscapeLeft UIInterfaceOrientationLandscapeRight";
				INFOPLIST_KEY_UISupportedInterfaceOrientations_iPhone = "UIInterfaceOrientationPortrait UIInterfaceOrientationLandscapeLeft UIInterfaceOrientationLandscapeRight";
				LD_RUNPATH_SEARCH_PATHS = (
					"$(inherited)",
					"@executable_path/Frameworks",
				);
				MARKETING_VERSION = 1.0;
				PRODUCT_BUNDLE_IDENTIFIER = com.Yang.Project.Subscribe;
				PRODUCT_NAME = "$(TARGET_NAME)";
				SUPPORTED_PLATFORMS = "iphoneos iphonesimulator";
				SUPPORTS_MACCATALYST = NO;
				SUPPORTS_MAC_DESIGNED_FOR_IPHONE_IPAD = NO;
				SUPPORTS_XR_DESIGNED_FOR_IPHONE_IPAD = NO;
				SWIFT_EMIT_LOC_STRINGS = YES;
				SWIFT_VERSION = 5.0;
				TARGETED_DEVICE_FAMILY = "1,2";
			};
			name = Debug;
		};
		81B293882C8559BA00FFB6F9 /* Release */ = {
			isa = XCBuildConfiguration;
			buildSettings = {
				ASSETCATALOG_COMPILER_APPICON_NAME = AppIcon;
				ASSETCATALOG_COMPILER_GLOBAL_ACCENT_COLOR_NAME = AccentColor;
				CODE_SIGN_STYLE = Automatic;
				CURRENT_PROJECT_VERSION = 1;
				DEVELOPMENT_ASSET_PATHS = "\"Subscribe/Preview Content\"";
				DEVELOPMENT_TEAM = 9GNP4TPU8Y;
				ENABLE_PREVIEWS = YES;
				GENERATE_INFOPLIST_FILE = YES;
				INFOPLIST_KEY_UIApplicationSceneManifest_Generation = YES;
				INFOPLIST_KEY_UIApplicationSupportsIndirectInputEvents = YES;
				INFOPLIST_KEY_UILaunchScreen_Generation = YES;
				INFOPLIST_KEY_UISupportedInterfaceOrientations_iPad = "UIInterfaceOrientationPortrait UIInterfaceOrientationPortraitUpsideDown UIInterfaceOrientationLandscapeLeft UIInterfaceOrientationLandscapeRight";
				INFOPLIST_KEY_UISupportedInterfaceOrientations_iPhone = "UIInterfaceOrientationPortrait UIInterfaceOrientationLandscapeLeft UIInterfaceOrientationLandscapeRight";
				LD_RUNPATH_SEARCH_PATHS = (
					"$(inherited)",
					"@executable_path/Frameworks",
				);
				MARKETING_VERSION = 1.0;
				PRODUCT_BUNDLE_IDENTIFIER = com.Yang.Project.Subscribe;
				PRODUCT_NAME = "$(TARGET_NAME)";
				SUPPORTED_PLATFORMS = "iphoneos iphonesimulator";
				SUPPORTS_MACCATALYST = NO;
				SUPPORTS_MAC_DESIGNED_FOR_IPHONE_IPAD = NO;
				SUPPORTS_XR_DESIGNED_FOR_IPHONE_IPAD = NO;
				SWIFT_EMIT_LOC_STRINGS = YES;
				SWIFT_VERSION = 5.0;
				TARGETED_DEVICE_FAMILY = "1,2";
			};
			name = Release;
		};
/* End XCBuildConfiguration section */

/* Begin XCConfigurationList section */
		81B293732C8559B900FFB6F9 /* Build configuration list for PBXProject "Subscribe" */ = {
			isa = XCConfigurationList;
			buildConfigurations = (
				81B293842C8559BA00FFB6F9 /* Debug */,
				81B293852C8559BA00FFB6F9 /* Release */,
			);
			defaultConfigurationIsVisible = 0;
			defaultConfigurationName = Release;
		};
		81B293862C8559BA00FFB6F9 /* Build configuration list for PBXNativeTarget "Subscribe" */ = {
			isa = XCConfigurationList;
			buildConfigurations = (
				81B293872C8559BA00FFB6F9 /* Debug */,
				81B293882C8559BA00FFB6F9 /* Release */,
			);
			defaultConfigurationIsVisible = 0;
			defaultConfigurationName = Release;
		};
/* End XCConfigurationList section */

/* Begin XCVersionGroup section */
		81B2939C2C85A57000FFB6F9 /* Model.xcdatamodeld */ = {
			isa = XCVersionGroup;
			children = (
				81B2939D2C85A57000FFB6F9 /* SubscriptionModel.xcdatamodel */,
			);
			currentVersion = 81B2939D2C85A57000FFB6F9 /* SubscriptionModel.xcdatamodel */;
			path = Model.xcdatamodeld;
			sourceTree = "<group>";
			versionGroupType = wrapper.xcdatamodel;
		};
/* End XCVersionGroup section */
	};
	rootObject = 81B293702C8559B900FFB6F9 /* Project object */;
}
